#MicroXplorer Configuration settings - do not modify
ADC1.Channel-0\#ChannelRegularConversion=ADC_CHANNEL_1
ADC1.CommonPathInternal=null|null|null|null
ADC1.ExternalTrigConv=ADC_EXTERNALTRIG_T1_TRGO
ADC1.ExternalTrigConvEdge=ADC_EXTERNALTRIGCONVEDGE_RISINGFALLING
ADC1.IPParameters=Rank-0\#ChannelRegularConversion,master,Channel-0\#ChannelRegularConversion,SamplingTime-0\#ChannelRegularConversion,OffsetNumber-0\#ChannelRegularConversion,NbrOfConversionFlag,ExternalTrigConv,ExternalTrigConvEdge,CommonPathInternal
ADC1.NbrOfConversionFlag=1
ADC1.OffsetNumber-0\#ChannelRegularConversion=ADC_OFFSET_NONE
ADC1.Rank-0\#ChannelRegularConversion=1
ADC1.SamplingTime-0\#ChannelRegularConversion=ADC_SAMPLETIME_2CYCLES_5
ADC1.master=1
ADC2.Channel-0\#ChannelRegularConversion=ADC_CHANNEL_3
ADC2.CommonPathInternal=null|null|null|null
ADC2.ExternalTrigConv=ADC_EXTERNALTRIG_T1_TRGO
ADC2.ExternalTrigConvEdge=ADC_EXTERNALTRIGCONVEDGE_RISINGFALLING
ADC2.IPParameters=Rank-0\#ChannelRegularConversion,Channel-0\#ChannelRegularConversion,SamplingTime-0\#ChannelRegularConversion,OffsetNumber-0\#ChannelRegularConversion,NbrOfConversionFlag,ExternalTrigConv,ExternalTrigConvEdge,CommonPathInternal
ADC2.NbrOfConversionFlag=1
ADC2.OffsetNumber-0\#ChannelRegularConversion=ADC_OFFSET_NONE
ADC2.Rank-0\#ChannelRegularConversion=1
ADC2.SamplingTime-0\#ChannelRegularConversion=ADC_SAMPLETIME_2CYCLES_5
ADC3.Channel-0\#ChannelRegularConversion=ADC_CHANNEL_1
ADC3.CommonPathInternal=null|null|null|null
ADC3.ExternalTrigConv=ADC_EXTERNALTRIG_T1_TRGO
ADC3.ExternalTrigConvEdge=ADC_EXTERNALTRIGCONVEDGE_RISINGFALLING
ADC3.IPParameters=Rank-0\#ChannelRegularConversion,master,Channel-0\#ChannelRegularConversion,SamplingTime-0\#ChannelRegularConversion,OffsetNumber-0\#ChannelRegularConversion,NbrOfConversionFlag,ExternalTrigConv,ExternalTrigConvEdge,CommonPathInternal
ADC3.NbrOfConversionFlag=1
ADC3.OffsetNumber-0\#ChannelRegularConversion=ADC_OFFSET_NONE
ADC3.Rank-0\#ChannelRegularConversion=1
ADC3.SamplingTime-0\#ChannelRegularConversion=ADC_SAMPLETIME_2CYCLES_5
ADC3.master=1
ADC4.Channel-0\#ChannelRegularConversion=ADC_CHANNEL_1
ADC4.CommonPathInternal=null|null|null|null
ADC4.ExternalTrigConv=ADC_EXTERNALTRIG_T1_TRGO
ADC4.ExternalTrigConvEdge=ADC_EXTERNALTRIGCONVEDGE_RISINGFALLING
ADC4.IPParameters=Rank-0\#ChannelRegularConversion,Channel-0\#ChannelRegularConversion,SamplingTime-0\#ChannelRegularConversion,OffsetNumber-0\#ChannelRegularConversion,NbrOfConversionFlag,ExternalTrigConv,ExternalTrigConvEdge,CommonPathInternal
ADC4.NbrOfConversionFlag=1
ADC4.OffsetNumber-0\#ChannelRegularConversion=ADC_OFFSET_NONE
ADC4.Rank-0\#ChannelRegularConversion=1
ADC4.SamplingTime-0\#ChannelRegularConversion=ADC_SAMPLETIME_2CYCLES_5
ADC5.Channel-0\#ChannelRegularConversion=ADC_CHANNEL_6
ADC5.CommonPathInternal=null|null|null|null
ADC5.ExternalTrigConv=ADC_EXTERNALTRIG_T1_TRGO
ADC5.ExternalTrigConvEdge=ADC_EXTERNALTRIGCONVEDGE_RISINGFALLING
ADC5.IPParameters=Rank-0\#ChannelRegularConversion,Channel-0\#ChannelRegularConversion,SamplingTime-0\#ChannelRegularConversion,OffsetNumber-0\#ChannelRegularConversion,NbrOfConversionFlag,ExternalTrigConv,ExternalTrigConvEdge,CommonPathInternal
ADC5.NbrOfConversionFlag=1
ADC5.OffsetNumber-0\#ChannelRegularConversion=ADC_OFFSET_NONE
ADC5.Rank-0\#ChannelRegularConversion=1
ADC5.SamplingTime-0\#ChannelRegularConversion=ADC_SAMPLETIME_2CYCLES_5
CAD.formats=[]
CAD.pinconfig=Dual
CAD.provider=
File.Version=6
GPIO.groupedBy=Group By Peripherals
HRTIM1.ADCTrigger_Id1=__NULL
HRTIM1.CompareUnit1-No_output_TA=__NULL
HRTIM1.IPParameters=CompareUnit1-No_output_TA,PrescalerRatio_TA,ADCTrigger_Id1
HRTIM1.PrescalerRatio_TA=HRTIM_PRESCALERRATIO_MUL32
KeepUserPlacement=false
Mcu.CPN=STM32G474VET3
Mcu.Family=STM32G4
Mcu.IP0=ADC1
Mcu.IP1=ADC2
Mcu.IP10=TIM2
Mcu.IP11=USB
Mcu.IP12=USB_DEVICE
Mcu.IP2=ADC3
Mcu.IP3=ADC4
Mcu.IP4=ADC5
Mcu.IP5=HRTIM1
Mcu.IP6=NVIC
Mcu.IP7=RCC
Mcu.IP8=SYS
Mcu.IP9=TIM1
Mcu.IPNb=13
Mcu.Name=STM32G474V(B-C-E)Tx
Mcu.Package=LQFP100
Mcu.Pin0=PE2
Mcu.Pin1=PE3
Mcu.Pin10=PC3
Mcu.Pin11=PA0
Mcu.Pin12=PA6
Mcu.Pin13=PC4
Mcu.Pin14=PC5
Mcu.Pin15=PB1
Mcu.Pin16=PE8
Mcu.Pin17=PE10
Mcu.Pin18=PE11
Mcu.Pin19=PE12
Mcu.Pin2=PE4
Mcu.Pin20=PE13
Mcu.Pin21=PE14
Mcu.Pin22=PE15
Mcu.Pin23=PB12
Mcu.Pin24=PB13
Mcu.Pin25=PB14
Mcu.Pin26=PB15
Mcu.Pin27=PD8
Mcu.Pin28=PD9
Mcu.Pin29=PD10
Mcu.Pin3=PE5
Mcu.Pin30=PD11
Mcu.Pin31=PD12
Mcu.Pin32=PD13
Mcu.Pin33=PD14
Mcu.Pin34=PD15
Mcu.Pin35=PC6
Mcu.Pin36=PC7
Mcu.Pin37=PC8
Mcu.Pin38=PC9
Mcu.Pin39=PA8
Mcu.Pin4=PC13
Mcu.Pin40=PA11
Mcu.Pin41=PA12
Mcu.Pin42=PA13
Mcu.Pin43=PA14
Mcu.Pin44=PC10
Mcu.Pin45=PC11
Mcu.Pin46=PC12
Mcu.Pin47=PD0
Mcu.Pin48=PD1
Mcu.Pin49=PD2
Mcu.Pin5=PF0-OSC_IN
Mcu.Pin50=PD3
Mcu.Pin51=PD4
Mcu.Pin52=PD5
Mcu.Pin53=PD6
Mcu.Pin54=PD7
Mcu.Pin55=VP_HRTIM1_VS_hrtimTimerANoOutput
Mcu.Pin56=VP_SYS_VS_Systick
Mcu.Pin57=VP_SYS_VS_DBSignals
Mcu.Pin58=VP_TIM1_VS_no_output1
Mcu.Pin59=VP_TIM2_VS_ClockSourceINT
Mcu.Pin6=PF1-OSC_OUT
Mcu.Pin60=VP_USB_DEVICE_VS_USB_DEVICE_CDC_FS
Mcu.Pin7=PC0
Mcu.Pin8=PC1
Mcu.Pin9=PC2
Mcu.PinsNb=61
Mcu.ThirdPartyNb=0
Mcu.UserConstants=
Mcu.UserName=STM32G474VETx
MxCube.Version=6.11.0
MxDb.Version=DB.6.0.110
NVIC.ADC1_2_IRQn=true\:0\:0\:false\:false\:true\:true\:true\:true
NVIC.ADC3_IRQn=true\:0\:0\:false\:false\:true\:true\:true\:true
NVIC.ADC4_IRQn=true\:0\:0\:false\:false\:true\:true\:true\:true
NVIC.ADC5_IRQn=true\:0\:0\:false\:false\:true\:true\:true\:true
NVIC.BusFault_IRQn=true\:0\:0\:false\:false\:true\:false\:false\:false
NVIC.DebugMonitor_IRQn=true\:0\:0\:false\:false\:true\:false\:false\:false
NVIC.ForceEnableDMAVector=true
NVIC.HRTIM1_TIMA_IRQn=true\:0\:0\:false\:false\:true\:true\:true\:true
NVIC.HardFault_IRQn=true\:0\:0\:false\:false\:true\:false\:false\:false
NVIC.MemoryManagement_IRQn=true\:0\:0\:false\:false\:true\:false\:false\:false
NVIC.NonMaskableInt_IRQn=true\:0\:0\:false\:false\:true\:false\:true\:false
NVIC.PendSV_IRQn=true\:0\:0\:false\:false\:true\:false\:false\:false
NVIC.PriorityGroup=NVIC_PRIORITYGROUP_4
NVIC.SVCall_IRQn=true\:0\:0\:false\:false\:true\:false\:false\:false
NVIC.SysTick_IRQn=true\:15\:0\:false\:false\:true\:false\:true\:false
NVIC.TIM2_IRQn=true\:0\:0\:false\:false\:true\:true\:true\:true
NVIC.USB_LP_IRQn=true\:0\:0\:false\:false\:true\:false\:true\:true
NVIC.UsageFault_IRQn=true\:0\:0\:false\:false\:true\:false\:false\:false
PA0.Mode=IN1-Single-Ended
PA0.Signal=ADC1_IN1
PA11.Mode=Device
PA11.Signal=USB_DM
PA12.Mode=Device
PA12.Signal=USB_DP
PA13.Mode=Serial_Wire
PA13.Signal=SYS_JTMS-SWDIO
PA14.Mode=Serial_Wire
PA14.Signal=SYS_JTCK-SWCLK
PA6.Mode=IN3-Single-Ended
PA6.Signal=ADC2_IN3
PA8.Locked=true
PA8.Mode=Clock-out
PA8.Signal=RCC_MCO
PB1.Mode=IN1-Single-Ended
PB1.Signal=ADC3_IN1
PB12.Locked=true
PB12.Signal=GPIO_Output
PB13.Locked=true
PB13.Signal=GPIO_Output
PB14.Locked=true
PB14.Signal=GPIO_Output
PB15.Locked=true
PB15.Signal=GPIO_Output
PC0.GPIOParameters=GPIO_Speed
PC0.GPIO_Speed=GPIO_SPEED_FREQ_VERY_HIGH
PC0.Locked=true
PC0.Signal=GPIO_Output
PC1.GPIOParameters=GPIO_Speed
PC1.GPIO_Speed=GPIO_SPEED_FREQ_VERY_HIGH
PC1.Locked=true
PC1.Signal=GPIO_Output
PC10.GPIOParameters=GPIO_Speed
PC10.GPIO_Speed=GPIO_SPEED_FREQ_VERY_HIGH
PC10.Locked=true
PC10.Signal=GPIO_Output
PC11.GPIOParameters=GPIO_Speed
PC11.GPIO_Speed=GPIO_SPEED_FREQ_VERY_HIGH
PC11.Locked=true
PC11.Signal=GPIO_Output
PC12.GPIOParameters=GPIO_Speed
PC12.GPIO_Speed=GPIO_SPEED_FREQ_VERY_HIGH
PC12.Locked=true
PC12.Signal=GPIO_Output
PC13.GPIOParameters=GPIO_Speed
PC13.GPIO_Speed=GPIO_SPEED_FREQ_LOW
PC13.Locked=true
PC13.Signal=GPIO_Output
PC2.GPIOParameters=GPIO_Speed
PC2.GPIO_Speed=GPIO_SPEED_FREQ_VERY_HIGH
PC2.Locked=true
PC2.Signal=GPIO_Output
PC3.GPIOParameters=GPIO_Speed
PC3.GPIO_Speed=GPIO_SPEED_FREQ_VERY_HIGH
PC3.Locked=true
PC3.Signal=GPIO_Output
PC4.GPIOParameters=GPIO_Speed
PC4.GPIO_Speed=GPIO_SPEED_FREQ_VERY_HIGH
PC4.Locked=true
PC4.Signal=GPIO_Output
PC5.GPIOParameters=GPIO_Speed
PC5.GPIO_Speed=GPIO_SPEED_FREQ_VERY_HIGH
PC5.Locked=true
PC5.Signal=GPIO_Output
PC6.GPIOParameters=GPIO_Speed
PC6.GPIO_Speed=GPIO_SPEED_FREQ_VERY_HIGH
PC6.Locked=true
PC6.Signal=GPIO_Output
PC7.GPIOParameters=GPIO_Speed
PC7.GPIO_Speed=GPIO_SPEED_FREQ_VERY_HIGH
PC7.Locked=true
PC7.Signal=GPIO_Output
PC8.GPIOParameters=GPIO_Speed
PC8.GPIO_Speed=GPIO_SPEED_FREQ_VERY_HIGH
PC8.Locked=true
PC8.Signal=GPIO_Output
PC9.GPIOParameters=GPIO_Speed
PC9.GPIO_Speed=GPIO_SPEED_FREQ_VERY_HIGH
PC9.Locked=true
PC9.Signal=GPIO_Output
PD0.GPIOParameters=GPIO_Speed,PinState
PD0.GPIO_Speed=GPIO_SPEED_FREQ_LOW
PD0.Locked=true
PD0.PinState=GPIO_PIN_SET
PD0.Signal=GPIO_Output
PD1.GPIOParameters=PinState
PD1.Locked=true
PD1.PinState=GPIO_PIN_SET
PD1.Signal=GPIO_Output
PD10.Locked=true
PD10.Signal=GPIO_Output
PD11.Locked=true
PD11.Signal=GPIO_Output
PD12.Locked=true
PD12.Signal=GPIO_Output
PD13.Locked=true
PD13.Signal=GPIO_Output
PD14.Locked=true
PD14.Signal=GPIO_Output
PD15.Locked=true
PD15.Signal=GPIO_Output
PD2.GPIOParameters=PinState
PD2.Locked=true
PD2.PinState=GPIO_PIN_SET
PD2.Signal=GPIO_Output
PD3.GPIOParameters=PinState
PD3.Locked=true
PD3.PinState=GPIO_PIN_SET
PD3.Signal=GPIO_Output
PD4.Locked=true
PD4.Signal=GPIO_Input
PD5.Locked=true
PD5.Signal=GPIO_Input
PD6.Locked=true
PD6.Signal=GPIO_Input
PD7.Locked=true
PD7.Signal=GPIO_Input
PD8.Locked=true
PD8.Signal=GPIO_Output
PD9.Locked=true
PD9.Signal=GPIO_Output
PE10.Locked=true
PE10.Signal=GPIO_Output
PE11.Locked=true
PE11.Signal=GPIO_Output
PE12.Locked=true
PE12.Signal=GPIO_Output
PE13.Locked=true
PE13.Signal=GPIO_Output
PE14.Mode=IN1-Single-Ended
PE14.Signal=ADC4_IN1
PE15.Locked=true
PE15.Signal=GPIO_Output
PE2.Locked=true
PE2.Signal=GPIO_Output
PE3.Locked=true
PE3.Signal=GPIO_Output
PE4.Locked=true
PE4.Signal=GPIO_Output
PE5.Locked=true
PE5.Signal=GPIO_Output
PE8.Mode=IN6-Single-Ended
PE8.Signal=ADC5_IN6
PF0-OSC_IN.Mode=HSE-External-Oscillator
PF0-OSC_IN.Signal=RCC_OSC_IN
PF1-OSC_OUT.Mode=HSE-External-Oscillator
PF1-OSC_OUT.Signal=RCC_OSC_OUT
PinOutPanel.RotationAngle=0
ProjectManager.AskForMigrate=true
ProjectManager.BackupPrevious=false
ProjectManager.CompilerOptimize=6
ProjectManager.ComputerToolchain=false
ProjectManager.CoupleFile=true
ProjectManager.CustomerFirmwarePackage=
ProjectManager.DefaultFWLocation=true
ProjectManager.DeletePrevious=true
ProjectManager.DeviceId=STM32G474VETx
ProjectManager.FirmwarePackage=STM32Cube FW_G4 V1.5.2
ProjectManager.FreePins=true
ProjectManager.HalAssertFull=true
ProjectManager.HeapSize=0x400
ProjectManager.KeepUserCode=true
ProjectManager.LastFirmware=true
ProjectManager.LibraryCopy=2
ProjectManager.MainLocation=Core/Src
ProjectManager.NoMain=false
ProjectManager.PreviousToolchain=
ProjectManager.ProjectBuild=false
ProjectManager.ProjectFileName=UCEIT.ioc
ProjectManager.ProjectName=UCEIT
ProjectManager.ProjectStructure=
ProjectManager.RegisterCallBack=
ProjectManager.StackSize=0x800
ProjectManager.TargetToolchain=STM32CubeIDE
ProjectManager.ToolChainLocation=
ProjectManager.UAScriptAfterPath=
ProjectManager.UAScriptBeforePath=
ProjectManager.UnderRoot=true
ProjectManager.functionlistsort=1-SystemClock_Config-RCC-false-HAL-false,2-MX_GPIO_Init-GPIO-false-HAL-true,3-MX_USB_Device_Init-USB_DEVICE-false-HAL-false,4-MX_ADC1_Init-ADC1-false-HAL-true,5-MX_ADC2_Init-ADC2-false-HAL-true,6-MX_ADC3_Init-ADC3-false-HAL-true,7-MX_ADC4_Init-ADC4-false-HAL-true,8-MX_ADC5_Init-ADC5-false-HAL-true,9-MX_TIM1_Init-TIM1-false-HAL-true,10-MX_TIM2_Init-TIM2-false-HAL-true,11-MX_HRTIM1_Init-HRTIM1-false-HAL-true
RCC.ADC12Freq_Value=144000000
RCC.ADC345Freq_Value=144000000
RCC.AHBFreq_Value=144000000
RCC.APB1Freq_Value=144000000
RCC.APB1TimFreq_Value=144000000
RCC.APB2Freq_Value=144000000
RCC.APB2TimFreq_Value=144000000
RCC.CRSFreq_Value=48000000
RCC.CortexFreq_Value=144000000
RCC.EXTERNAL_CLOCK_VALUE=12288000
RCC.EnbaleCSS=true
RCC.FCLKCortexFreq_Value=144000000
RCC.FDCANFreq_Value=144000000
RCC.FamilyName=M
RCC.HCLKFreq_Value=144000000
RCC.HRTIM1Freq_Value=144000000
RCC.HSE_VALUE=48000000
RCC.HSI48_VALUE=48000000
RCC.HSI_VALUE=16000000
RCC.I2C1Freq_Value=144000000
RCC.I2C2Freq_Value=144000000
RCC.I2C3Freq_Value=144000000
RCC.I2C4Freq_Value=144000000
RCC.I2SFreq_Value=144000000
RCC.IPParameters=ADC12Freq_Value,ADC345Freq_Value,AHBFreq_Value,APB1Freq_Value,APB1TimFreq_Value,APB2Freq_Value,APB2TimFreq_Value,CRSFreq_Value,CortexFreq_Value,EXTERNAL_CLOCK_VALUE,EnbaleCSS,FCLKCortexFreq_Value,FDCANFreq_Value,FamilyName,HCLKFreq_Value,HRTIM1Freq_Value,HSE_VALUE,HSI48_VALUE,HSI_VALUE,I2C1Freq_Value,I2C2Freq_Value,I2C3Freq_Value,I2C4Freq_Value,I2SFreq_Value,LPTIM1Freq_Value,LPUART1Freq_Value,LSCOPinFreq_Value,LSE_VALUE,LSI_VALUE,MCO1PinFreq_Value,PLLM,PLLN,PLLPoutputFreq_Value,PLLQ,PLLQoutputFreq_Value,PLLRCLKFreq_Value,PLLSourceVirtual,PWRFreq_Value,QSPIFreq_Value,RCC_MCO1Source,RCC_MCODiv,RNGFreq_Value,SAI1Freq_Value,SYSCLKFreq_VALUE,SYSCLKSource,UART4Freq_Value,UART5Freq_Value,USART1Freq_Value,USART2Freq_Value,USART3Freq_Value,USBFreq_Value,VCOInputFreq_Value,VCOOutputFreq_Value
RCC.LPTIM1Freq_Value=144000000
RCC.LPUART1Freq_Value=144000000
RCC.LSCOPinFreq_Value=32000
RCC.LSE_VALUE=32768
RCC.LSI_VALUE=32000
RCC.MCO1PinFreq_Value=18000000
RCC.PLLM=RCC_PLLM_DIV3
RCC.PLLN=18
RCC.PLLPoutputFreq_Value=144000000
RCC.PLLQ=RCC_PLLQ_DIV6
RCC.PLLQoutputFreq_Value=48000000
RCC.PLLRCLKFreq_Value=144000000
RCC.PLLSourceVirtual=RCC_PLLSOURCE_HSE
RCC.PWRFreq_Value=144000000
RCC.QSPIFreq_Value=144000000
RCC.RCC_MCO1Source=RCC_MCO1SOURCE_PLLCLK
RCC.RCC_MCODiv=RCC_MCODIV_8
RCC.RNGFreq_Value=48000000
RCC.SAI1Freq_Value=144000000
RCC.SYSCLKFreq_VALUE=144000000
RCC.SYSCLKSource=RCC_SYSCLKSOURCE_PLLCLK
RCC.UART4Freq_Value=144000000
RCC.UART5Freq_Value=144000000
RCC.USART1Freq_Value=144000000
RCC.USART2Freq_Value=144000000
RCC.USART3Freq_Value=144000000
RCC.USBFreq_Value=48000000
RCC.VCOInputFreq_Value=16000000
RCC.VCOOutputFreq_Value=288000000
TIM1.Channel-PWM\ Generation1\ No\ Output=TIM_CHANNEL_1
TIM1.IPParameters=Channel-PWM Generation1 No Output,PeriodNoDither,TIM_MasterOutputTrigger
TIM1.PeriodNoDither=9600
TIM1.TIM_MasterOutputTrigger=TIM_TRGO_UPDATE
TIM2.IPParameters=Prescaler,PeriodNoDither
TIM2.PeriodNoDither=100000
TIM2.Prescaler=96
USB_DEVICE.CLASS_NAME_FS=CDC
USB_DEVICE.IPParameters=VirtualMode,VirtualModeFS,CLASS_NAME_FS
USB_DEVICE.VirtualMode=Cdc
USB_DEVICE.VirtualModeFS=Cdc_FS
VP_HRTIM1_VS_hrtimTimerANoOutput.Mode=No_output_TA
VP_HRTIM1_VS_hrtimTimerANoOutput.Signal=HRTIM1_VS_hrtimTimerANoOutput
VP_SYS_VS_DBSignals.Mode=DisableDeadBatterySignals
VP_SYS_VS_DBSignals.Signal=SYS_VS_DBSignals
VP_SYS_VS_Systick.Mode=SysTick
VP_SYS_VS_Systick.Signal=SYS_VS_Systick
VP_TIM1_VS_no_output1.Mode=PWM Generation1 No Output
VP_TIM1_VS_no_output1.Signal=TIM1_VS_no_output1
VP_TIM2_VS_ClockSourceINT.Mode=Internal
VP_TIM2_VS_ClockSourceINT.Signal=TIM2_VS_ClockSourceINT
VP_USB_DEVICE_VS_USB_DEVICE_CDC_FS.Mode=CDC_FS
VP_USB_DEVICE_VS_USB_DEVICE_CDC_FS.Signal=USB_DEVICE_VS_USB_DEVICE_CDC_FS
board=custom
isbadioc=false
